
Microsoft Visual Studio Solution File, Format Version 12.00
# Visual Studio 2012
Project("{FAE04EC0-301F-11D3-BF4B-00C04F79EFBC}") = "Peliculas", "Peliculas\Peliculas.csproj", "{5D2C84DC-1FCE-4CC0-8A27-3BED1A7B6013}"
EndProject
Project("{FAE04EC0-301F-11D3-BF4B-00C04F79EFBC}") = "Peliculas.Tests", "Peliculas.Tests\Peliculas.Tests.csproj", "{4E06B3B4-71C9-46F6-AF29-0B70D43C2AD6}"
EndProject
Global
	GlobalSection(SolutionConfigurationPlatforms) = preSolution
		Debug|Any CPU = Debug|Any CPU
		Release|Any CPU = Release|Any CPU
	EndGlobalSection
	GlobalSection(ProjectConfigurationPlatforms) = postSolution
		{5D2C84DC-1FCE-4CC0-8A27-3BED1A7B6013}.Debug|Any CPU.ActiveCfg = Debug|Any CPU
		{5D2C84DC-1FCE-4CC0-8A27-3BED1A7B6013}.Debug|Any CPU.Build.0 = Debug|Any CPU
		{5D2C84DC-1FCE-4CC0-8A27-3BED1A7B6013}.Release|Any CPU.ActiveCfg = Release|Any CPU
		{5D2C84DC-1FCE-4CC0-8A27-3BED1A7B6013}.Release|Any CPU.Build.0 = Release|Any CPU
		{4E06B3B4-71C9-46F6-AF29-0B70D43C2AD6}.Debug|Any CPU.ActiveCfg = Debug|Any CPU
		{4E06B3B4-71C9-46F6-AF29-0B70D43C2AD6}.Debug|Any CPU.Build.0 = Debug|Any CPU
		{4E06B3B4-71C9-46F6-AF29-0B70D43C2AD6}.Release|Any CPU.ActiveCfg = Release|Any CPU
		{4E06B3B4-71C9-46F6-AF29-0B70D43C2AD6}.Release|Any CPU.Build.0 = Release|Any CPU
	EndGlobalSection
	GlobalSection(SolutionProperties) = preSolution
		HideSolutionNode = FALSE
	EndGlobalSection
EndGlobal
